
Microsoft Visual Studio Solution File, Format Version 12.00
# Visual Studio Version 17
VisualStudioVersion = 17.14.36121.58 d17.14
MinimumVisualStudioVersion = 10.0.40219.1
Project("{FAE04EC0-301F-11D3-BF4B-00C04F79EFBC}") = "Currency_Converter", "Beginner_Backend_Projects\Currency_Converter.csproj", "{D2C469EA-4102-43BD-9733-C8417497F7E7}"
EndProject
Global
	GlobalSection(SolutionConfigurationPlatforms) = preSolution
		Debug|Any CPU = Debug|Any CPU
		Release|Any CPU = Release|Any CPU
	EndGlobalSection
	GlobalSection(ProjectConfigurationPlatforms) = postSolution
		{D2C469EA-4102-43BD-9733-C8417497F7E7}.Debug|Any CPU.ActiveCfg = Debug|Any CPU
		{D2C469EA-4102-43BD-9733-C8417497F7E7}.Debug|Any CPU.Build.0 = Debug|Any CPU
		{D2C469EA-4102-43BD-9733-C8417497F7E7}.Release|Any CPU.ActiveCfg = Release|Any CPU
		{D2C469EA-4102-43BD-9733-C8417497F7E7}.Release|Any CPU.Build.0 = Release|Any CPU
	EndGlobalSection
	GlobalSection(SolutionProperties) = preSolution
		HideSolutionNode = FALSE
	EndGlobalSection
	GlobalSection(ExtensibilityGlobals) = postSolution
		SolutionGuid = {B7EF179A-FC43-42F2-90A1-C012A8964CFE}
	EndGlobalSection
EndGlobal
